{"format_version":"1.0","provider_schemas":{"registry.terraform.io/twingate/twingate":{"provider":{"version":0,"block":{"attributes":{"api_token":{"type":"string","description":"The access key for API operations. You can retrieve this\nfrom the Twingate Admin Console ([documentation](https://docs.twingate.com/docs/api-overview)).\nAlternatively, this can be specified using the TWINGATE_API_TOKEN environment variable.","description_kind":"plain","optional":true,"sensitive":true},"http_max_retry":{"type":"number","description":"Specifies a retry limit for the http requests made. The default value is 10.\nAlternatively, this can be specified using the TWINGATE_HTTP_MAX_RETRY environment variable","description_kind":"plain","optional":true},"http_timeout":{"type":"number","description":"Specifies a time limit in seconds for the http requests made. The default value is 10 seconds.\nAlternatively, this can be specified using the TWINGATE_HTTP_TIMEOUT environment variable","description_kind":"plain","optional":true},"network":{"type":"string","description":"Your Twingate network ID for API operations.\nYou can find it in the Admin Console URL, for example:\n`autoco.twingate.com`, where `autoco` is your network ID\nAlternatively, this can be specified using the TWINGATE_NETWORK environment variable.","description_kind":"plain","optional":true},"url":{"type":"string","description":"The default is 'twingate.com'\nThis is optional and shouldn't be changed under normal circumstances.","description_kind":"plain","optional":true}},"description_kind":"plain"}},"resource_schemas":{"twingate_connector":{"version":0,"block":{"attributes":{"id":{"type":"string","description":"Autogenerated ID of the Connector, encoded in base64","description_kind":"plain","computed":true},"name":{"type":"string","description":"Name of the Connector, if not provided one will be generated","description_kind":"plain","optional":true,"computed":true},"remote_network_id":{"type":"string","description":"The ID of the Remote Network the Connector is attached to","description_kind":"plain","required":true}},"description":"Connectors provide connectivity to Remote Networks. This resource type will create the Connector in the Twingate Admin Console, but in order to successfully deploy it, you must also generate Connector tokens that authenticate the Connector with Twingate. For more information, see Twingate's [documentation](https://docs.twingate.com/docs/understanding-access-nodes).","description_kind":"plain"}},"twingate_connector_tokens":{"version":0,"block":{"attributes":{"access_token":{"type":"string","description":"The Access Token of the parent Connector","description_kind":"plain","computed":true,"sensitive":true},"connector_id":{"type":"string","description":"The ID of the parent Connector","description_kind":"plain","required":true},"id":{"type":"string","description_kind":"plain","optional":true,"computed":true},"keepers":{"type":["map","string"],"description":"Arbitrary map of values that, when changed, will trigger recreation of resource. Use this to automatically rotate Connector tokens on a schedule.","description_kind":"plain","optional":true},"refresh_token":{"type":"string","description":"The Refresh Token of the parent Connector","description_kind":"plain","computed":true,"sensitive":true}},"description":"This resource type will generate tokens for a Connector, which are needed to successfully provision one on your network. The Connector itself has its own resource type and must be created before you can provision tokens.","description_kind":"plain"}},"twingate_group":{"version":0,"block":{"attributes":{"id":{"type":"string","description":"Autogenerated ID of the Resource, encoded in base64","description_kind":"plain","computed":true},"name":{"type":"string","description":"The name of the group","description_kind":"plain","required":true}},"description":"Groups are how users are authorized to access Resources. For more information, see Twingate's [documentation](https://docs.twingate.com/docs/groups).","description_kind":"plain"}},"twingate_remote_network":{"version":0,"block":{"attributes":{"id":{"type":"string","description":"The ID of the Remote Network","description_kind":"plain","computed":true},"location":{"type":"string","description":"The location of the Remote Network. Must be one of the following: AWS, AZURE, GOOGLE_CLOUD, ON_PREMISE, OTHER.","description_kind":"plain","optional":true},"name":{"type":"string","description":"The name of the Remote Network","description_kind":"plain","required":true}},"description":"A Remote Network represents a single private network in Twingate that can have one or more Connectors and Resources assigned to it. You must create a Remote Network before creating Resources and Connectors that belong to it. For more information, see Twingate's [documentation](https://docs.twingate.com/docs/remote-networks).","description_kind":"plain"}},"twingate_resource":{"version":0,"block":{"attributes":{"address":{"type":"string","description":"The Resource's IP/CIDR or FQDN/DNS zone","description_kind":"plain","required":true},"group_ids":{"type":["set","string"],"description":"List of Group IDs that have permission to access the Resource, cannot be generated by Terraform and must be retrieved from the Twingate Admin Console or API","description_kind":"plain","optional":true},"id":{"type":"string","description":"Autogenerated ID of the Resource, encoded in base64","description_kind":"plain","computed":true},"is_browser_shortcut_enabled":{"type":"bool","description":"Controls whether an \"Open in Browser\" shortcut will be shown for this Resource in the Twingate Client.","description_kind":"plain","optional":true},"is_visible":{"type":"bool","description":"Controls whether this Resource will be visible in the main Resource list in the Twingate Client.","description_kind":"plain","optional":true},"name":{"type":"string","description":"The name of the Resource","description_kind":"plain","required":true},"remote_network_id":{"type":"string","description":"Remote Network ID where the Resource lives","description_kind":"plain","required":true}},"block_types":{"protocols":{"nesting_mode":"list","block":{"attributes":{"allow_icmp":{"type":"bool","description":"Whether to allow ICMP (ping) traffic","description_kind":"plain","optional":true}},"block_types":{"tcp":{"nesting_mode":"list","block":{"attributes":{"policy":{"type":"string","description":"Whether to allow or deny all ports, or restrict protocol access within certain port ranges: Can be `RESTRICTED` (only listed ports are allowed), `ALLOW_ALL`, or `DENY_ALL`","description_kind":"plain","required":true},"ports":{"type":["list","string"],"description":"List of port ranges between 1 and 65535 inclusive, in the format `100-200` for a range, or `8080` for a single port","description_kind":"plain","optional":true}},"description_kind":"plain"},"min_items":1,"max_items":1},"udp":{"nesting_mode":"list","block":{"attributes":{"policy":{"type":"string","description":"Whether to allow or deny all ports, or restrict protocol access within certain port ranges: Can be `RESTRICTED` (only listed ports are allowed), `ALLOW_ALL`, or `DENY_ALL`","description_kind":"plain","required":true},"ports":{"type":["list","string"],"description":"List of port ranges between 1 and 65535 inclusive, in the format `100-200` for a range, or `8080` for a single port","description_kind":"plain","optional":true}},"description_kind":"plain"},"min_items":1,"max_items":1}},"description":"Restrict access to certain protocols and ports. By default or when this argument is not defined, there is no restriction, and all protocols and ports are allowed.","description_kind":"plain"},"max_items":1}},"description":"Resources in Twingate represent servers on the private network that clients can connect to. Resources can be defined by IP, CIDR range, FQDN, or DNS zone. For more information, see the Twingate [documentation](https://docs.twingate.com/docs/resources-and-access-nodes).","description_kind":"plain"}},"twingate_service_account":{"version":0,"block":{"attributes":{"id":{"type":"string","description":"Autogenerated ID of the Service Account","description_kind":"plain","computed":true},"name":{"type":"string","description":"The name of the Service Account in Twingate","description_kind":"plain","required":true}},"description":"Service Accounts offer a way to provide programmatic, centrally-controlled, and consistent access controls.","description_kind":"plain"}},"twingate_service_account_key":{"version":0,"block":{"attributes":{"id":{"type":"string","description":"Autogenerated Service Key ID","description_kind":"plain","computed":true},"name":{"type":"string","description":"The name of the Service Key","description_kind":"plain","optional":true,"computed":true},"service_account_id":{"type":"string","description":"The id of the Service Account","description_kind":"plain","required":true},"token":{"type":"string","description":"Autogenerated Service Key token. Used to configure a Twingate Client running in headless mode.","description_kind":"plain","computed":true,"sensitive":true}},"description":"A Service Key authorizes access to all Resources assigned to a Service Account.","description_kind":"plain"}}},"data_source_schemas":{"twingate_connector":{"version":0,"block":{"attributes":{"id":{"type":"string","description":"The ID of the Connector. The ID for the Connector must be obtained from the Admin API.","description_kind":"plain","required":true},"name":{"type":"string","description":"The name of the Connector","description_kind":"plain","computed":true},"remote_network_id":{"type":"string","description":"The ID of the Remote Network the Connector is attached to","description_kind":"plain","computed":true}},"description":"Connectors provide connectivity to Remote Networks. For more information, see Twingate's [documentation](https://docs.twingate.com/docs/understanding-access-nodes).","description_kind":"plain"}},"twingate_connectors":{"version":0,"block":{"attributes":{"id":{"type":"string","description_kind":"plain","optional":true,"computed":true}},"block_types":{"connectors":{"nesting_mode":"list","block":{"attributes":{"id":{"type":"string","description":"The ID of the Connector","description_kind":"plain","computed":true},"name":{"type":"string","description":"The Name of the Connector","description_kind":"plain","computed":true},"remote_network_id":{"type":"string","description":"The ID of the Remote Network attached to the Connector","description_kind":"plain","computed":true}},"description":"List of Connectors","description_kind":"plain"}}},"description":"Connectors provide connectivity to Remote Networks. For more information, see Twingate's [documentation](https://docs.twingate.com/docs/understanding-access-nodes).","description_kind":"plain"}},"twingate_group":{"version":0,"block":{"attributes":{"id":{"type":"string","description":"The ID of the Group. The ID for the Group must be obtained from the Admin API.","description_kind":"plain","required":true},"is_active":{"type":"bool","description":"Indicates if the Group is active","description_kind":"plain","computed":true},"name":{"type":"string","description":"The name of the Group","description_kind":"plain","computed":true},"type":{"type":"string","description":"The type of the Group","description_kind":"plain","computed":true}},"description":"Groups are how users are authorized to access Resources. For more information, see Twingate's [documentation](https://docs.twingate.com/docs/groups).","description_kind":"plain"}},"twingate_groups":{"version":0,"block":{"attributes":{"id":{"type":"string","description_kind":"plain","optional":true,"computed":true},"is_active":{"type":"bool","description":"Returns only Groups matching the specified state.","description_kind":"plain","optional":true},"name":{"type":"string","description":"Returns only Groups that exactly match this name.","description_kind":"plain","optional":true},"type":{"type":"string","description":"Returns only Groups of the specified type (valid: `MANUAL`, `SYNCED`, `SYSTEM`).","description_kind":"plain","optional":true}},"block_types":{"groups":{"nesting_mode":"list","block":{"attributes":{"id":{"type":"string","description":"The ID of the Group","description_kind":"plain","computed":true},"is_active":{"type":"bool","description":"Indicates if the Group is active","description_kind":"plain","computed":true},"name":{"type":"string","description":"The name of the Group","description_kind":"plain","computed":true},"type":{"type":"string","description":"The type of the Group","description_kind":"plain","computed":true}},"description":"List of Groups","description_kind":"plain"}}},"description":"Groups are how users are authorized to access Resources. For more information, see Twingate's [documentation](https://docs.twingate.com/docs/groups).","description_kind":"plain"}},"twingate_remote_network":{"version":0,"block":{"attributes":{"id":{"type":"string","description":"The ID of the Remote Network","description_kind":"plain","optional":true},"location":{"type":"string","description":"The location of the Remote Network. Must be one of the following: AWS, AZURE, GOOGLE_CLOUD, ON_PREMISE, OTHER.","description_kind":"plain","computed":true},"name":{"type":"string","description":"The name of the Remote Network","description_kind":"plain","optional":true}},"description":"A Remote Network represents a single private network in Twingate that can have one or more Connectors and Resources assigned to it. You must create a Remote Network before creating Resources and Connectors that belong to it. For more information, see Twingate's [documentation](https://docs.twingate.com/docs/remote-networks).","description_kind":"plain"}},"twingate_remote_networks":{"version":0,"block":{"attributes":{"id":{"type":"string","description_kind":"plain","optional":true,"computed":true}},"block_types":{"remote_networks":{"nesting_mode":"list","block":{"attributes":{"id":{"type":"string","description":"The ID of the Remote Network","description_kind":"plain","computed":true},"location":{"type":"string","description":"The location of the Remote Network. Must be one of the following: AWS, AZURE, GOOGLE_CLOUD, ON_PREMISE, OTHER.","description_kind":"plain","computed":true},"name":{"type":"string","description":"The name of the Remote Network","description_kind":"plain","computed":true}},"description":"List of Remote Networks","description_kind":"plain"}}},"description":"A Remote Network represents a single private network in Twingate that can have one or more Connectors and Resources assigned to it. You must create a Remote Network before creating Resources and Connectors that belong to it. For more information, see Twingate's [documentation](https://docs.twingate.com/docs/remote-networks).","description_kind":"plain"}},"twingate_resource":{"version":0,"block":{"attributes":{"address":{"type":"string","description":"The Resource's address, which may be an IP address, CIDR range, or DNS address","description_kind":"plain","computed":true},"id":{"type":"string","description":"The ID of the Resource. The ID for the Resource must be obtained from the Admin API.","description_kind":"plain","required":true},"name":{"type":"string","description":"The name of the Resource","description_kind":"plain","computed":true},"remote_network_id":{"type":"string","description":"The Remote Network ID that the Resource is associated with. Resources may only be associated with a single Remote Network.","description_kind":"plain","computed":true}},"block_types":{"protocols":{"nesting_mode":"list","block":{"attributes":{"allow_icmp":{"type":"bool","description":"Whether to allow ICMP (ping) traffic","description_kind":"plain","computed":true}},"block_types":{"tcp":{"nesting_mode":"list","block":{"attributes":{"policy":{"type":"string","description":"Whether to allow or deny all ports, or restrict protocol access within certain port ranges: Can be `RESTRICTED` (only listed ports are allowed), `ALLOW_ALL`, or `DENY_ALL`","description_kind":"plain","computed":true},"ports":{"type":["list","string"],"description":"List of port ranges between 1 and 65535 inclusive, in the format `100-200` for a range, or `8080` for a single port","description_kind":"plain","computed":true}},"description_kind":"plain"}},"udp":{"nesting_mode":"list","block":{"attributes":{"policy":{"type":"string","description":"Whether to allow or deny all ports, or restrict protocol access within certain port ranges: Can be `RESTRICTED` (only listed ports are allowed), `ALLOW_ALL`, or `DENY_ALL`","description_kind":"plain","computed":true},"ports":{"type":["list","string"],"description":"List of port ranges between 1 and 65535 inclusive, in the format `100-200` for a range, or `8080` for a single port","description_kind":"plain","computed":true}},"description_kind":"plain"}}},"description":"By default (when this argument is not defined) no restriction is applied, and all protocols and ports are allowed.","description_kind":"plain"}}},"description":"Resources in Twingate represent any network destination address that you wish to provide private access to for users authorized via the Twingate Client application. Resources can be defined by either IP or DNS address, and all private DNS addresses will be automatically resolved with no client configuration changes. For more information, see the Twingate [documentation](https://docs.twingate.com/docs/resources-and-access-nodes).","description_kind":"plain"}},"twingate_resources":{"version":0,"block":{"attributes":{"id":{"type":"string","description_kind":"plain","optional":true,"computed":true},"name":{"type":"string","description":"The name of the Resource","description_kind":"plain","required":true}},"block_types":{"resources":{"nesting_mode":"list","block":{"attributes":{"address":{"type":"string","description":"The Resource's IP/CIDR or FQDN/DNS zone","description_kind":"plain","computed":true},"id":{"type":"string","description":"The id of the Resource","description_kind":"plain","computed":true},"name":{"type":"string","description":"The name of the Resource","description_kind":"plain","computed":true},"remote_network_id":{"type":"string","description":"Remote Network ID where the Resource lives","description_kind":"plain","computed":true}},"block_types":{"protocols":{"nesting_mode":"list","block":{"attributes":{"allow_icmp":{"type":"bool","description":"Whether to allow ICMP (ping) traffic","description_kind":"plain","computed":true}},"block_types":{"tcp":{"nesting_mode":"list","block":{"attributes":{"policy":{"type":"string","description":"Whether to allow or deny all ports, or restrict protocol access within certain port ranges: Can be `RESTRICTED` (only listed ports are allowed), `ALLOW_ALL`, or `DENY_ALL`","description_kind":"plain","computed":true},"ports":{"type":["list","string"],"description":"List of port ranges between 1 and 65535 inclusive, in the format `100-200` for a range, or `8080` for a single port","description_kind":"plain","computed":true}},"description_kind":"plain"}},"udp":{"nesting_mode":"list","block":{"attributes":{"policy":{"type":"string","description":"Whether to allow or deny all ports, or restrict protocol access within certain port ranges: Can be `RESTRICTED` (only listed ports are allowed), `ALLOW_ALL`, or `DENY_ALL`","description_kind":"plain","computed":true},"ports":{"type":["list","string"],"description":"List of port ranges between 1 and 65535 inclusive, in the format `100-200` for a range, or `8080` for a single port","description_kind":"plain","computed":true}},"description_kind":"plain"}}},"description":"Restrict access to certain protocols and ports. By default or when this argument is not defined, there is no restriction, and all protocols and ports are allowed.","description_kind":"plain"}}},"description":"List of Resources","description_kind":"plain"}}},"description":"Resources in Twingate represent servers on the private network that clients can connect to. Resources can be defined by IP, CIDR range, FQDN, or DNS zone. For more information, see the Twingate [documentation](https://docs.twingate.com/docs/resources-and-access-nodes).","description_kind":"plain"}},"twingate_security_policies":{"version":0,"block":{"attributes":{"id":{"type":"string","description_kind":"plain","optional":true,"computed":true}},"block_types":{"security_policies":{"nesting_mode":"list","block":{"attributes":{"id":{"type":"string","description":"Return a matching Security Policy by its ID. The ID for the Security Policy must be obtained from the Admin API.","description_kind":"plain","computed":true},"name":{"type":"string","description":"Return a Security Policy that exactly matches this name.","description_kind":"plain","computed":true}},"description_kind":"plain"}}},"description":"Security Policies are defined in the Twingate Admin Console and determine user and device authentication requirements for Resources.","description_kind":"plain"}},"twingate_security_policy":{"version":0,"block":{"attributes":{"id":{"type":"string","description":"Return a Security Policy by its ID. The ID for the Security Policy must be obtained from the Admin API.","description_kind":"plain","optional":true},"name":{"type":"string","description":"Return a Security Policy that exactly matches this name.","description_kind":"plain","optional":true}},"description":"Security Policies are defined in the Twingate Admin Console and determine user and device authentication requirements for Resources.","description_kind":"plain"}},"twingate_service_accounts":{"version":0,"block":{"attributes":{"id":{"type":"string","description_kind":"plain","optional":true,"computed":true},"name":{"type":"string","description":"Filter results by the name of the Service Account.","description_kind":"plain","optional":true}},"block_types":{"service_accounts":{"nesting_mode":"list","block":{"attributes":{"id":{"type":"string","description":"ID of the Service Account resource","description_kind":"plain","computed":true},"key_ids":{"type":["set","string"],"description":"List of twingate_service_account_key IDs that are assigned to the Service Account.","description_kind":"plain","computed":true},"name":{"type":"string","description":"Name of the Service Account","description_kind":"plain","computed":true},"resource_ids":{"type":["set","string"],"description":"List of twingate_resource IDs that the Service Account is assigned to.","description_kind":"plain","computed":true}},"description":"List of Service Accounts","description_kind":"plain"}}},"description":"Service Accounts offer a way to provide programmatic, centrally-controlled, and consistent access controls.","description_kind":"plain"}},"twingate_user":{"version":0,"block":{"attributes":{"email":{"type":"string","description":"The email address of the User","description_kind":"plain","computed":true},"first_name":{"type":"string","description":"The first name of the User","description_kind":"plain","computed":true},"id":{"type":"string","description":"The ID of the User. The ID for the User must be obtained from the Admin API.","description_kind":"plain","required":true},"is_admin":{"type":"bool","description":"Indicates whether the User is an admin","description_kind":"plain","computed":true},"last_name":{"type":"string","description":"The last name of the User","description_kind":"plain","computed":true},"role":{"type":"string","description":"Indicates the User's role. Either ADMIN, DEVOPS, SUPPORT, or MEMBER","description_kind":"plain","computed":true}},"description":"Users in Twingate can be given access to Twingate Resources and may either be added manually or automatically synchronized with a 3rd party identity provider. For more information, see Twingate's [documentation](https://docs.twingate.com/docs/users).","description_kind":"plain"}},"twingate_users":{"version":0,"block":{"attributes":{"id":{"type":"string","description_kind":"plain","optional":true,"computed":true}},"block_types":{"users":{"nesting_mode":"list","block":{"attributes":{"email":{"type":"string","description":"The email address of the User","description_kind":"plain","computed":true},"first_name":{"type":"string","description":"The first name of the User","description_kind":"plain","computed":true},"id":{"type":"string","description":"The ID of the User","description_kind":"plain","computed":true},"is_admin":{"type":"bool","description":"Indicates whether the User is an admin","description_kind":"plain","computed":true},"last_name":{"type":"string","description":"The last name of the User","description_kind":"plain","computed":true},"role":{"type":"string","description":"Indicates the User's role. Either ADMIN, DEVOPS, SUPPORT, or MEMBER.","description_kind":"plain","computed":true}},"description_kind":"plain"}}},"description":"Users in Twingate can be given access to Twingate Resources and may either be added manually or automatically synchronized with a 3rd party identity provider. For more information, see Twingate's [documentation](https://docs.twingate.com/docs/users).","description_kind":"plain"}}}}}}
